
Microsoft Visual Studio Solution File, Format Version 12.00
# Visual Studio Version 17
VisualStudioVersion = 17.5.002.0
MinimumVisualStudioVersion = 10.0.40219.1
Project("{9A19103F-16F7-4668-BE54-9A1E7A4F7556}") = "LinearEquationResolver", "LinearEquationResolver.csproj", "{07C243E2-8A9F-45A1-B905-DF2B244D9C73}"
EndProject
Global
	GlobalSection(SolutionConfigurationPlatforms) = preSolution
		Debug|Any CPU = Debug|Any CPU
		Release|Any CPU = Release|Any CPU
	EndGlobalSection
	GlobalSection(ProjectConfigurationPlatforms) = postSolution
		{07C243E2-8A9F-45A1-B905-DF2B244D9C73}.Debug|Any CPU.ActiveCfg = Debug|Any CPU
		{07C243E2-8A9F-45A1-B905-DF2B244D9C73}.Debug|Any CPU.Build.0 = Debug|Any CPU
		{07C243E2-8A9F-45A1-B905-DF2B244D9C73}.Release|Any CPU.ActiveCfg = Release|Any CPU
		{07C243E2-8A9F-45A1-B905-DF2B244D9C73}.Release|Any CPU.Build.0 = Release|Any CPU
	EndGlobalSection
	GlobalSection(SolutionProperties) = preSolution
		HideSolutionNode = FALSE
	EndGlobalSection
	GlobalSection(ExtensibilityGlobals) = postSolution
		SolutionGuid = {173E82F3-C194-4D90-BC6A-A5F60342398E}
	EndGlobalSection
EndGlobal
